
Microsoft Visual Studio Solution File, Format Version 12.00
# Visual Studio Version 17
VisualStudioVersion = 17.4.33205.214
MinimumVisualStudioVersion = 10.0.40219.1
Project("{9A19103F-16F7-4668-BE54-9A1E7A4F7556}") = "Store", "Store\Store.csproj", "{BCCECD11-08A7-44C1-929E-8566C5524EEC}"
EndProject
Project("{2150E333-8FDC-42A3-9474-1A3956D46DE8}") = "Domain", "Domain", "{0498DBF4-64A7-4F90-AB49-D339AC8A2530}"
EndProject
Project("{2150E333-8FDC-42A3-9474-1A3956D46DE8}") = "Infrastucture", "Infrastucture", "{7FCA0B80-63AE-4CB9-8783-F948942DC85A}"
EndProject
Project("{9A19103F-16F7-4668-BE54-9A1E7A4F7556}") = "Store.Memory", "Store.Memory\Store.Memory.csproj", "{9928A777-B14E-407B-8CFA-8B64F36744D7}"
EndProject
Project("{2150E333-8FDC-42A3-9474-1A3956D46DE8}") = "Presentation", "Presentation", "{4E89C724-285C-42A0-8865-C2299069DEA1}"
EndProject
Project("{9A19103F-16F7-4668-BE54-9A1E7A4F7556}") = "Store.Web", "Store.Web\Store.Web.csproj", "{660D38DD-499E-4115-897A-0F42F29420CC}"
EndProject
Project("{9A19103F-16F7-4668-BE54-9A1E7A4F7556}") = "Store.Tests", "Store.Tests\Store.Tests.csproj", "{9ACC3863-09D2-40CE-8F1A-A17BA955D5D5}"
EndProject
Project("{9A19103F-16F7-4668-BE54-9A1E7A4F7556}") = "StoreWebContractors", "StoreWebContractors\StoreWebContractors.csproj", "{6D7E02E5-1A9F-4B57-B8AF-62C9D7A036F6}"
EndProject
Project("{2150E333-8FDC-42A3-9474-1A3956D46DE8}") = "plugins", "plugins", "{354CD090-1B9D-49B9-AE93-C0E4120CC8E6}"
EndProject
Project("{9A19103F-16F7-4668-BE54-9A1E7A4F7556}") = "Store.YandexKassa", "plugins\Store.YandexKassa\Store.YandexKassa.csproj", "{3734A07E-8DC2-462E-A1DC-6931ECB8AD6E}"
EndProject
Project("{2150E333-8FDC-42A3-9474-1A3956D46DE8}") = "application", "application", "{5A540EF5-EB4B-45CB-A788-B861DC46A6CD}"
EndProject
Project("{FAE04EC0-301F-11D3-BF4B-00C04F79EFBC}") = "Store.Web.App", "application\Store.Web.App\Store.Web.App.csproj", "{969A9EB3-4480-4744-ABBD-820ADB989B7E}"
EndProject
Global
	GlobalSection(SolutionConfigurationPlatforms) = preSolution
		Debug|Any CPU = Debug|Any CPU
		Release|Any CPU = Release|Any CPU
	EndGlobalSection
	GlobalSection(ProjectConfigurationPlatforms) = postSolution
		{BCCECD11-08A7-44C1-929E-8566C5524EEC}.Debug|Any CPU.ActiveCfg = Debug|Any CPU
		{BCCECD11-08A7-44C1-929E-8566C5524EEC}.Debug|Any CPU.Build.0 = Debug|Any CPU
		{BCCECD11-08A7-44C1-929E-8566C5524EEC}.Release|Any CPU.ActiveCfg = Release|Any CPU
		{BCCECD11-08A7-44C1-929E-8566C5524EEC}.Release|Any CPU.Build.0 = Release|Any CPU
		{9928A777-B14E-407B-8CFA-8B64F36744D7}.Debug|Any CPU.ActiveCfg = Debug|Any CPU
		{9928A777-B14E-407B-8CFA-8B64F36744D7}.Debug|Any CPU.Build.0 = Debug|Any CPU
		{9928A777-B14E-407B-8CFA-8B64F36744D7}.Release|Any CPU.ActiveCfg = Release|Any CPU
		{9928A777-B14E-407B-8CFA-8B64F36744D7}.Release|Any CPU.Build.0 = Release|Any CPU
		{660D38DD-499E-4115-897A-0F42F29420CC}.Debug|Any CPU.ActiveCfg = Debug|Any CPU
		{660D38DD-499E-4115-897A-0F42F29420CC}.Debug|Any CPU.Build.0 = Debug|Any CPU
		{660D38DD-499E-4115-897A-0F42F29420CC}.Release|Any CPU.ActiveCfg = Release|Any CPU
		{660D38DD-499E-4115-897A-0F42F29420CC}.Release|Any CPU.Build.0 = Release|Any CPU
		{9ACC3863-09D2-40CE-8F1A-A17BA955D5D5}.Debug|Any CPU.ActiveCfg = Debug|Any CPU
		{9ACC3863-09D2-40CE-8F1A-A17BA955D5D5}.Debug|Any CPU.Build.0 = Debug|Any CPU
		{9ACC3863-09D2-40CE-8F1A-A17BA955D5D5}.Release|Any CPU.ActiveCfg = Release|Any CPU
		{9ACC3863-09D2-40CE-8F1A-A17BA955D5D5}.Release|Any CPU.Build.0 = Release|Any CPU
		{6D7E02E5-1A9F-4B57-B8AF-62C9D7A036F6}.Debug|Any CPU.ActiveCfg = Debug|Any CPU
		{6D7E02E5-1A9F-4B57-B8AF-62C9D7A036F6}.Debug|Any CPU.Build.0 = Debug|Any CPU
		{6D7E02E5-1A9F-4B57-B8AF-62C9D7A036F6}.Release|Any CPU.ActiveCfg = Release|Any CPU
		{6D7E02E5-1A9F-4B57-B8AF-62C9D7A036F6}.Release|Any CPU.Build.0 = Release|Any CPU
		{3734A07E-8DC2-462E-A1DC-6931ECB8AD6E}.Debug|Any CPU.ActiveCfg = Debug|Any CPU
		{3734A07E-8DC2-462E-A1DC-6931ECB8AD6E}.Debug|Any CPU.Build.0 = Debug|Any CPU
		{3734A07E-8DC2-462E-A1DC-6931ECB8AD6E}.Release|Any CPU.ActiveCfg = Release|Any CPU
		{3734A07E-8DC2-462E-A1DC-6931ECB8AD6E}.Release|Any CPU.Build.0 = Release|Any CPU
		{969A9EB3-4480-4744-ABBD-820ADB989B7E}.Debug|Any CPU.ActiveCfg = Debug|Any CPU
		{969A9EB3-4480-4744-ABBD-820ADB989B7E}.Debug|Any CPU.Build.0 = Debug|Any CPU
		{969A9EB3-4480-4744-ABBD-820ADB989B7E}.Release|Any CPU.ActiveCfg = Release|Any CPU
		{969A9EB3-4480-4744-ABBD-820ADB989B7E}.Release|Any CPU.Build.0 = Release|Any CPU
	EndGlobalSection
	GlobalSection(SolutionProperties) = preSolution
		HideSolutionNode = FALSE
	EndGlobalSection
	GlobalSection(NestedProjects) = preSolution
		{BCCECD11-08A7-44C1-929E-8566C5524EEC} = {0498DBF4-64A7-4F90-AB49-D339AC8A2530}
		{9928A777-B14E-407B-8CFA-8B64F36744D7} = {7FCA0B80-63AE-4CB9-8783-F948942DC85A}
		{660D38DD-499E-4115-897A-0F42F29420CC} = {4E89C724-285C-42A0-8865-C2299069DEA1}
		{9ACC3863-09D2-40CE-8F1A-A17BA955D5D5} = {0498DBF4-64A7-4F90-AB49-D339AC8A2530}
		{6D7E02E5-1A9F-4B57-B8AF-62C9D7A036F6} = {4E89C724-285C-42A0-8865-C2299069DEA1}
		{3734A07E-8DC2-462E-A1DC-6931ECB8AD6E} = {354CD090-1B9D-49B9-AE93-C0E4120CC8E6}
		{969A9EB3-4480-4744-ABBD-820ADB989B7E} = {5A540EF5-EB4B-45CB-A788-B861DC46A6CD}
	EndGlobalSection
	GlobalSection(ExtensibilityGlobals) = postSolution
		SolutionGuid = {669B8013-E8D8-4889-A907-3DA0200F7035}
	EndGlobalSection
EndGlobal
